
Microsoft Visual Studio Solution File, Format Version 12.00
# Visual Studio Version 17
VisualStudioVersion = 17.0.31903.59
MinimumVisualStudioVersion = 10.0.40219.1
Project("{2150E333-8FDC-42A3-9474-1A3956D46DE8}") = "tests", "tests", "{0AB3BF05-4346-4AA6-1389-037BE0695223}"
EndProject
Project("{2150E333-8FDC-42A3-9474-1A3956D46DE8}") = "src", "src", "{827E0CD3-B72D-47B6-A68D-7590B98EB39B}"
EndProject
Project("{FAE04EC0-301F-11D3-BF4B-00C04F79EFBC}") = "Restaurants.API", "src\Restaurants.API\Restaurants.API.csproj", "{AC2B7FA5-0BDF-4067-A432-D638D5D936EB}"
EndProject
Project("{FAE04EC0-301F-11D3-BF4B-00C04F79EFBC}") = "Restaurants.Application", "src\Restaurants.Application\Restaurants.Application.csproj", "{5B688AD9-9517-4F8A-8F97-AFD5AC924081}"
EndProject
Project("{FAE04EC0-301F-11D3-BF4B-00C04F79EFBC}") = "Restaurants.Domain", "src\Restaurants.Domain\Restaurants.Domain.csproj", "{8BDBCC59-788F-4DE2-AC44-7F2E10EC3E2D}"
EndProject
Project("{FAE04EC0-301F-11D3-BF4B-00C04F79EFBC}") = "Restaurants.Infrastructure", "src\Restaurants.Infrastructure\Restaurants.Infrastructure.csproj", "{2D4E57AF-A348-448D-A8AE-A20986E89A1A}"
EndProject
Project("{FAE04EC0-301F-11D3-BF4B-00C04F79EFBC}") = "Restaurants.API.Tests", "tests\Restaurants.API.Tests\Restaurants.API.Tests.csproj", "{70F8A925-67C2-4DD9-AD4B-9D3D2AAFE98C}"
EndProject
Project("{FAE04EC0-301F-11D3-BF4B-00C04F79EFBC}") = "Restaurants.Application.Tests", "tests\Restaurants.Application.Tests\Restaurants.Application.Tests.csproj", "{89EAF5B2-731A-4985-BD64-3585B4D5D337}"
EndProject
Project("{FAE04EC0-301F-11D3-BF4B-00C04F79EFBC}") = "Restaurants.Infrastructure.Tests", "tests\Restaurants.Infrastructure.Tests\Restaurants.Infrastructure.Tests.csproj", "{52C55F33-FA12-4310-A7AF-007294317F86}"
EndProject
Global
	GlobalSection(SolutionConfigurationPlatforms) = preSolution
		Debug|Any CPU = Debug|Any CPU
		Release|Any CPU = Release|Any CPU
	EndGlobalSection
	GlobalSection(SolutionProperties) = preSolution
		HideSolutionNode = FALSE
	EndGlobalSection
	GlobalSection(ProjectConfigurationPlatforms) = postSolution
		{AC2B7FA5-0BDF-4067-A432-D638D5D936EB}.Debug|Any CPU.ActiveCfg = Debug|Any CPU
		{AC2B7FA5-0BDF-4067-A432-D638D5D936EB}.Debug|Any CPU.Build.0 = Debug|Any CPU
		{AC2B7FA5-0BDF-4067-A432-D638D5D936EB}.Release|Any CPU.ActiveCfg = Release|Any CPU
		{AC2B7FA5-0BDF-4067-A432-D638D5D936EB}.Release|Any CPU.Build.0 = Release|Any CPU
		{5B688AD9-9517-4F8A-8F97-AFD5AC924081}.Debug|Any CPU.ActiveCfg = Debug|Any CPU
		{5B688AD9-9517-4F8A-8F97-AFD5AC924081}.Debug|Any CPU.Build.0 = Debug|Any CPU
		{5B688AD9-9517-4F8A-8F97-AFD5AC924081}.Release|Any CPU.ActiveCfg = Release|Any CPU
		{5B688AD9-9517-4F8A-8F97-AFD5AC924081}.Release|Any CPU.Build.0 = Release|Any CPU
		{8BDBCC59-788F-4DE2-AC44-7F2E10EC3E2D}.Debug|Any CPU.ActiveCfg = Debug|Any CPU
		{8BDBCC59-788F-4DE2-AC44-7F2E10EC3E2D}.Debug|Any CPU.Build.0 = Debug|Any CPU
		{8BDBCC59-788F-4DE2-AC44-7F2E10EC3E2D}.Release|Any CPU.ActiveCfg = Release|Any CPU
		{8BDBCC59-788F-4DE2-AC44-7F2E10EC3E2D}.Release|Any CPU.Build.0 = Release|Any CPU
		{2D4E57AF-A348-448D-A8AE-A20986E89A1A}.Debug|Any CPU.ActiveCfg = Debug|Any CPU
		{2D4E57AF-A348-448D-A8AE-A20986E89A1A}.Debug|Any CPU.Build.0 = Debug|Any CPU
		{2D4E57AF-A348-448D-A8AE-A20986E89A1A}.Release|Any CPU.ActiveCfg = Release|Any CPU
		{2D4E57AF-A348-448D-A8AE-A20986E89A1A}.Release|Any CPU.Build.0 = Release|Any CPU
		{70F8A925-67C2-4DD9-AD4B-9D3D2AAFE98C}.Debug|Any CPU.ActiveCfg = Debug|Any CPU
		{70F8A925-67C2-4DD9-AD4B-9D3D2AAFE98C}.Debug|Any CPU.Build.0 = Debug|Any CPU
		{70F8A925-67C2-4DD9-AD4B-9D3D2AAFE98C}.Release|Any CPU.ActiveCfg = Release|Any CPU
		{70F8A925-67C2-4DD9-AD4B-9D3D2AAFE98C}.Release|Any CPU.Build.0 = Release|Any CPU
		{89EAF5B2-731A-4985-BD64-3585B4D5D337}.Debug|Any CPU.ActiveCfg = Debug|Any CPU
		{89EAF5B2-731A-4985-BD64-3585B4D5D337}.Debug|Any CPU.Build.0 = Debug|Any CPU
		{89EAF5B2-731A-4985-BD64-3585B4D5D337}.Release|Any CPU.ActiveCfg = Release|Any CPU
		{89EAF5B2-731A-4985-BD64-3585B4D5D337}.Release|Any CPU.Build.0 = Release|Any CPU
		{52C55F33-FA12-4310-A7AF-007294317F86}.Debug|Any CPU.ActiveCfg = Debug|Any CPU
		{52C55F33-FA12-4310-A7AF-007294317F86}.Debug|Any CPU.Build.0 = Debug|Any CPU
		{52C55F33-FA12-4310-A7AF-007294317F86}.Release|Any CPU.ActiveCfg = Release|Any CPU
		{52C55F33-FA12-4310-A7AF-007294317F86}.Release|Any CPU.Build.0 = Release|Any CPU
	EndGlobalSection
	GlobalSection(NestedProjects) = preSolution
		{AC2B7FA5-0BDF-4067-A432-D638D5D936EB} = {827E0CD3-B72D-47B6-A68D-7590B98EB39B}
		{5B688AD9-9517-4F8A-8F97-AFD5AC924081} = {827E0CD3-B72D-47B6-A68D-7590B98EB39B}
		{8BDBCC59-788F-4DE2-AC44-7F2E10EC3E2D} = {827E0CD3-B72D-47B6-A68D-7590B98EB39B}
		{2D4E57AF-A348-448D-A8AE-A20986E89A1A} = {827E0CD3-B72D-47B6-A68D-7590B98EB39B}
		{70F8A925-67C2-4DD9-AD4B-9D3D2AAFE98C} = {0AB3BF05-4346-4AA6-1389-037BE0695223}
		{89EAF5B2-731A-4985-BD64-3585B4D5D337} = {0AB3BF05-4346-4AA6-1389-037BE0695223}
		{52C55F33-FA12-4310-A7AF-007294317F86} = {0AB3BF05-4346-4AA6-1389-037BE0695223}
	EndGlobalSection
EndGlobal
